// !$*UTF8*$!
{
	archiveVersion = 1;
	classes = {
	};
	objectVersion = 50;
	objects = {

/* Begin PBXBuildFile section */
		A3D9D3C9216CE143004451BC /* AppDelegate.swift in Sources */ = {isa = PBXBuildFile; fileRef = A3D9D3C8216CE143004451BC /* AppDelegate.swift */; };
		A3D9D3CB216CE143004451BC /* art.scnassets in Resources */ = {isa = PBXBuildFile; fileRef = A3D9D3CA216CE143004451BC /* art.scnassets */; };
		A3D9D3CD216CE143004451BC /* ViewController.swift in Sources */ = {isa = PBXBuildFile; fileRef = A3D9D3CC216CE143004451BC /* ViewController.swift */; };
		A3D9D3D0216CE143004451BC /* Main.storyboard in Resources */ = {isa = PBXBuildFile; fileRef = A3D9D3CE216CE143004451BC /* Main.storyboard */; };
		A3D9D3D2216CE143004451BC /* Assets.xcassets in Resources */ = {isa = PBXBuildFile; fileRef = A3D9D3D1216CE143004451BC /* Assets.xcassets */; };
		A3D9D3D5216CE143004451BC /* LaunchScreen.storyboard in Resources */ = {isa = PBXBuildFile; fileRef = A3D9D3D3216CE143004451BC /* LaunchScreen.storyboard */; };
/* End PBXBuildFile section */

/* Begin PBXFileReference section */
		A3D9D3C5216CE143004451BC /* ImageAnchor_POC.app */ = {isa = PBXFileReference; explicitFileType = wrapper.application; includeInIndex = 0; path = ImageAnchor_POC.app; sourceTree = BUILT_PRODUCTS_DIR; };
		A3D9D3C8216CE143004451BC /* AppDelegate.swift */ = {isa = PBXFileReference; lastKnownFileType = sourcecode.swift; path = AppDelegate.swift; sourceTree = "<group>"; };
		A3D9D3CA216CE143004451BC /* art.scnassets */ = {isa = PBXFileReference; lastKnownFileType = wrapper.scnassets; path = art.scnassets; sourceTree = "<group>"; };
		A3D9D3CC216CE143004451BC /* ViewController.swift */ = {isa = PBXFileReference; lastKnownFileType = sourcecode.swift; path = ViewController.swift; sourceTree = "<group>"; };
		A3D9D3CF216CE143004451BC /* Base */ = {isa = PBXFileReference; lastKnownFileType = file.storyboard; name = Base; path = Base.lproj/Main.storyboard; sourceTree = "<group>"; };
		A3D9D3D1216CE143004451BC /* Assets.xcassets */ = {isa = PBXFileReference; lastKnownFileType = folder.assetcatalog; path = Assets.xcassets; sourceTree = "<group>"; };
		A3D9D3D4216CE143004451BC /* Base */ = {isa = PBXFileReference; lastKnownFileType = file.storyboard; name = Base; path = Base.lproj/LaunchScreen.storyboard; sourceTree = "<group>"; };
		A3D9D3D6216CE143004451BC /* Info.plist */ = {isa = PBXFileReference; lastKnownFileType = text.plist.xml; path = Info.plist; sourceTree = "<group>"; };
/* End PBXFileReference section */

/* Begin PBXFrameworksBuildPhase section */
		A3D9D3C2216CE143004451BC /* Frameworks */ = {
			isa = PBXFrameworksBuildPhase;
			buildActionMask = 2147483647;
			files = (
			);
			runOnlyForDeploymentPostprocessing = 0;
		};
/* End PBXFrameworksBuildPhase section */

/* Begin PBXGroup section */
		A3D9D3BC216CE143004451BC = {
			isa = PBXGroup;
			children = (
				A3D9D3C7216CE143004451BC /* ImageAnchor_POC */,
				A3D9D3C6216CE143004451BC /* Products */,
			);
			sourceTree = "<group>";
		};
		A3D9D3C6216CE143004451BC /* Products */ = {
			isa = PBXGroup;
			children = (
				A3D9D3C5216CE143004451BC /* ImageAnchor_POC.app */,
			);
			name = Products;
			sourceTree = "<group>";
		};
		A3D9D3C7216CE143004451BC /* ImageAnchor_POC */ = {
			isa = PBXGroup;
			children = (
				A3D9D3C8216CE143004451BC /* AppDelegate.swift */,
				A3D9D3CA216CE143004451BC /* art.scnassets */,
				A3D9D3CC216CE143004451BC /* ViewController.swift */,
				A3D9D3CE216CE143004451BC /* Main.storyboard */,
				A3D9D3D1216CE143004451BC /* Assets.xcassets */,
				A3D9D3D3216CE143004451BC /* LaunchScreen.storyboard */,
				A3D9D3D6216CE143004451BC /* Info.plist */,
			);
			path = ImageAnchor_POC;
			sourceTree = "<group>";
		};
/* End PBXGroup section */

/* Begin PBXNativeTarget section */
		A3D9D3C4216CE143004451BC /* ImageAnchor_POC */ = {
			isa = PBXNativeTarget;
			buildConfigurationList = A3D9D3D9216CE143004451BC /* Build configuration list for PBXNativeTarget "ImageAnchor_POC" */;
			buildPhases = (
				A3D9D3C1216CE143004451BC /* Sources */,
				A3D9D3C2216CE143004451BC /* Frameworks */,
				A3D9D3C3216CE143004451BC /* Resources */,
			);
			buildRules = (
			);
			dependencies = (
			);
			name = ImageAnchor_POC;
			productName = ImageAnchor_POC;
			productReference = A3D9D3C5216CE143004451BC /* ImageAnchor_POC.app */;
			productType = "com.apple.product-type.application";
		};
/* End PBXNativeTarget section */

/* Begin PBXProject section */
		A3D9D3BD216CE143004451BC /* Project object */ = {
			isa = PBXProject;
			attributes = {
				LastSwiftUpdateCheck = 1000;
				LastUpgradeCheck = 1000;
				ORGANIZATIONNAME = Mindtree;
				TargetAttributes = {
					A3D9D3C4216CE143004451BC = {
						CreatedOnToolsVersion = 10.0;
					};
				};
			};
			buildConfigurationList = A3D9D3C0216CE143004451BC /* Build configuration list for PBXProject "ImageAnchor_POC" */;
			compatibilityVersion = "Xcode 9.3";
			developmentRegion = en;
			hasScannedForEncodings = 0;
			knownRegions = (
				en,
				Base,
			);
			mainGroup = A3D9D3BC216CE143004451BC;
			productRefGroup = A3D9D3C6216CE143004451BC /* Products */;
			projectDirPath = "";
			projectRoot = "";
			targets = (
				A3D9D3C4216CE143004451BC /* ImageAnchor_POC */,
			);
		};
/* End PBXProject section */

/* Begin PBXResourcesBuildPhase section */
		A3D9D3C3216CE143004451BC /* Resources */ = {
			isa = PBXResourcesBuildPhase;
			buildActionMask = 2147483647;
			files = (
				A3D9D3CB216CE143004451BC /* art.scnassets in Resources */,
				A3D9D3D5216CE143004451BC /* LaunchScreen.storyboard in Resources */,
				A3D9D3D2216CE143004451BC /* Assets.xcassets in Resources */,
				A3D9D3D0216CE143004451BC /* Main.storyboard in Resources */,
			);
			runOnlyForDeploymentPostprocessing = 0;
		};
/* End PBXResourcesBuildPhase section */

/* Begin PBXSourcesBuildPhase section */
		A3D9D3C1216CE143004451BC /* Sources */ = {
			isa = PBXSourcesBuildPhase;
			buildActionMask = 2147483647;
			files = (
				A3D9D3CD216CE143004451BC /* ViewController.swift in Sources */,
				A3D9D3C9216CE143004451BC /* AppDelegate.swift in Sources */,
			);
			runOnlyForDeploymentPostprocessing = 0;
		};
/* End PBXSourcesBuildPhase section */

/* Begin PBXVariantGroup section */
		A3D9D3CE216CE143004451BC /* Main.storyboard */ = {
			isa = PBXVariantGroup;
			children = (
				A3D9D3CF216CE143004451BC /* Base */,
			);
			name = Main.storyboard;
			sourceTree = "<group>";
		};
		A3D9D3D3216CE143004451BC /* LaunchScreen.storyboard */ = {
			isa = PBXVariantGroup;
			children = (
				A3D9D3D4216CE143004451BC /* Base */,
			);
			name = LaunchScreen.storyboard;
			sourceTree = "<group>";
		};
/* End PBXVariantGroup section */

/* Begin XCBuildConfiguration section */
		A3D9D3D7216CE143004451BC /* Debug */ = {
			isa = XCBuildConfiguration;
			buildSettings = {
				ALWAYS_SEARCH_USER_PATHS = NO;
				CLANG_ANALYZER_NONNULL = YES;
				CLANG_ANALYZER_NUMBER_OBJECT_CONVERSION = YES_AGGRESSIVE;
				CLANG_CXX_LANGUAGE_STANDARD = "gnu++14";
				CLANG_CXX_LIBRARY = "libc++";
				CLANG_ENABLE_MODULES = YES;
				CLANG_ENABLE_OBJC_ARC = YES;
				CLANG_ENABLE_OBJC_WEAK = YES;
				CLANG_WARN_BLOCK_CAPTURE_AUTORELEASING = YES;
				CLANG_WARN_BOOL_CONVERSION = YES;
				CLANG_WARN_COMMA = YES;
				CLANG_WARN_CONSTANT_CONVERSION = YES;
				CLANG_WARN_DEPRECATED_OBJC_IMPLEMENTATIONS = YES;
				CLANG_WARN_DIRECT_OBJC_ISA_USAGE = YES_ERROR;
				CLANG_WARN_DOCUMENTATION_COMMENTS = YES;
				CLANG_WARN_EMPTY_BODY = YES;
				CLANG_WARN_ENUM_CONVERSION = YES;
				CLANG_WARN_INFINITE_RECURSION = YES;
				CLANG_WARN_INT_CONVERSION = YES;
				CLANG_WARN_NON_LITERAL_NULL_CONVERSION = YES;
				CLANG_WARN_OBJC_IMPLICIT_RETAIN_SELF = YES;
				CLANG_WARN_OBJC_LITERAL_CONVERSION = YES;
				CLANG_WARN_OBJC_ROOT_CLASS = YES_ERROR;
				CLANG_WARN_RANGE_LOOP_ANALYSIS = YES;
				CLANG_WARN_STRICT_PROTOTYPES = YES;
				CLANG_WARN_SUSPICIOUS_MOVE = YES;
				CLANG_WARN_UNGUARDED_AVAILABILITY = YES_AGGRESSIVE;
				CLANG_WARN_UNREACHABLE_CODE = YES;
				CLANG_WARN__DUPLICATE_METHOD_MATCH = YES;
				CODE_SIGN_IDENTITY = "iPhone Developer";
				COPY_PHASE_STRIP = NO;
				DEBUG_INFORMATION_FORMAT = dwarf;
				ENABLE_STRICT_OBJC_MSGSEND = YES;
				ENABLE_TESTABILITY = YES;
				GCC_C_LANGUAGE_STANDARD = gnu11;
				GCC_DYNAMIC_NO_PIC = NO;
				GCC_NO_COMMON_BLOCKS = YES;
				GCC_OPTIMIZATION_LEVEL = 0;
				GCC_PREPROCESSOR_DEFINITIONS = (
					"DEBUG=1",
					"$(inherited)",
				);
				GCC_WARN_64_TO_32_BIT_CONVERSION = YES;
				GCC_WARN_ABOUT_RETURN_TYPE = YES_ERROR;
				GCC_WARN_UNDECLARED_SELECTOR = YES;
				GCC_WARN_UNINITIALIZED_AUTOS = YES_AGGRESSIVE;
				GCC_WARN_UNUSED_FUNCTION = YES;
				GCC_WARN_UNUSED_VARIABLE = YES;
				IPHONEOS_DEPLOYMENT_TARGET = 12.0;
				MTL_ENABLE_DEBUG_INFO = INCLUDE_SOURCE;
				MTL_FAST_MATH = YES;
				ONLY_ACTIVE_ARCH = YES;
				SDKROOT = iphoneos;
				SWIFT_ACTIVE_COMPILATION_CONDITIONS = DEBUG;
				SWIFT_OPTIMIZATION_LEVEL = "-Onone";
			};
			name = Debug;
		};
		A3D9D3D8216CE143004451BC /* Release */ = {
			isa = XCBuildConfiguration;
			buildSettings = {
				ALWAYS_SEARCH_USER_PATHS = NO;
				CLANG_ANALYZER_NONNULL = YES;
				CLANG_ANALYZER_NUMBER_OBJECT_CONVERSION = YES_AGGRESSIVE;
				CLANG_CXX_LANGUAGE_STANDARD = "gnu++14";
				CLANG_CXX_LIBRARY = "libc++";
				CLANG_ENABLE_MODULES = YES;
				CLANG_ENABLE_OBJC_ARC = YES;
				CLANG_ENABLE_OBJC_WEAK = YES;
				CLANG_WARN_BLOCK_CAPTURE_AUTORELEASING = YES;
				CLANG_WARN_BOOL_CONVERSION = YES;
				CLANG_WARN_COMMA = YES;
				CLANG_WARN_CONSTANT_CONVERSION = YES;
				CLANG_WARN_DEPRECATED_OBJC_IMPLEMENTATIONS = YES;
				CLANG_WARN_DIRECT_OBJC_ISA_USAGE = YES_ERROR;
				CLANG_WARN_DOCUMENTATION_COMMENTS = YES;
				CLANG_WARN_EMPTY_BODY = YES;
				CLANG_WARN_ENUM_CONVERSION = YES;
				CLANG_WARN_INFINITE_RECURSION = YES;
				CLANG_WARN_INT_CONVERSION = YES;
				CLANG_WARN_NON_LITERAL_NULL_CONVERSION = YES;
				CLANG_WARN_OBJC_IMPLICIT_RETAIN_SELF = YES;
				CLANG_WARN_OBJC_LITERAL_CONVERSION = YES;
				CLANG_WARN_OBJC_ROOT_CLASS = YES_ERROR;
				CLANG_WARN_RANGE_LOOP_ANALYSIS = YES;
				CLANG_WARN_STRICT_PROTOTYPES = YES;
				CLANG_WARN_SUSPICIOUS_MOVE = YES;
				CLANG_WARN_UNGUARDED_AVAILABILITY = YES_AGGRESSIVE;
				CLANG_WARN_UNREACHABLE_CODE = YES;
				CLANG_WARN__DUPLICATE_METHOD_MATCH = YES;
				CODE_SIGN_IDENTITY = "iPhone Developer";
				COPY_PHASE_STRIP = NO;
				DEBUG_INFORMATION_FORMAT = "dwarf-with-dsym";
				ENABLE_NS_ASSERTIONS = NO;
				ENABLE_STRICT_OBJC_MSGSEND = YES;
				GCC_C_LANGUAGE_STANDARD = gnu11;
				GCC_NO_COMMON_BLOCKS = YES;
				GCC_WARN_64_TO_32_BIT_CONVERSION = YES;
				GCC_WARN_ABOUT_RETURN_TYPE = YES_ERROR;
				GCC_WARN_UNDECLARED_SELECTOR = YES;
				GCC_WARN_UNINITIALIZED_AUTOS = YES_AGGRESSIVE;
				GCC_WARN_UNUSED_FUNCTION = YES;
				GCC_WARN_UNUSED_VARIABLE = YES;
				IPHONEOS_DEPLOYMENT_TARGET = 12.0;
				MTL_ENABLE_DEBUG_INFO = NO;
				MTL_FAST_MATH = YES;
				SDKROOT = iphoneos;
				SWIFT_COMPILATION_MODE = wholemodule;
				SWIFT_OPTIMIZATION_LEVEL = "-O";
				VALIDATE_PRODUCT = YES;
			};
			name = Release;
		};
		A3D9D3DA216CE143004451BC /* Debug */ = {
			isa = XCBuildConfiguration;
			buildSettings = {
				ASSETCATALOG_COMPILER_APPICON_NAME = AppIcon;
				CODE_SIGN_STYLE = Manual;
				DEVELOPMENT_TEAM = 24754Z3W39;
				INFOPLIST_FILE = ImageAnchor_POC/Info.plist;
				LD_RUNPATH_SEARCH_PATHS = (
					"$(inherited)",
					"@executable_path/Frameworks",
				);
				PRODUCT_BUNDLE_IDENTIFIER = "com.mindtree.ImageAnchor-POC";
				PRODUCT_NAME = "$(TARGET_NAME)";
				PROVISIONING_PROFILE_SPECIFIER = "Client Wildcard Development Profile";
				SWIFT_VERSION = 4.2;
				TARGETED_DEVICE_FAMILY = "1,2";
			};
			name = Debug;
		};
		A3D9D3DB216CE143004451BC /* Release */ = {
			isa = XCBuildConfiguration;
			buildSettings = {
				ASSETCATALOG_COMPILER_APPICON_NAME = AppIcon;
				CODE_SIGN_STYLE = Manual;
				DEVELOPMENT_TEAM = 24754Z3W39;
				INFOPLIST_FILE = ImageAnchor_POC/Info.plist;
				LD_RUNPATH_SEARCH_PATHS = (
					"$(inherited)",
					"@executable_path/Frameworks",
				);
				PRODUCT_BUNDLE_IDENTIFIER = "com.mindtree.ImageAnchor-POC";
				PRODUCT_NAME = "$(TARGET_NAME)";
				PROVISIONING_PROFILE_SPECIFIER = "Client Wildcard Development Profile";
				SWIFT_VERSION = 4.2;
				TARGETED_DEVICE_FAMILY = "1,2";
			};
			name = Release;
		};
/* End XCBuildConfiguration section */

/* Begin XCConfigurationList section */
		A3D9D3C0216CE143004451BC /* Build configuration list for PBXProject "ImageAnchor_POC" */ = {
			isa = XCConfigurationList;
			buildConfigurations = (
				A3D9D3D7216CE143004451BC /* Debug */,
				A3D9D3D8216CE143004451BC /* Release */,
			);
			defaultConfigurationIsVisible = 0;
			defaultConfigurationName = Release;
		};
		A3D9D3D9216CE143004451BC /* Build configuration list for PBXNativeTarget "ImageAnchor_POC" */ = {
			isa = XCConfigurationList;
			buildConfigurations = (
				A3D9D3DA216CE143004451BC /* Debug */,
				A3D9D3DB216CE143004451BC /* Release */,
			);
			defaultConfigurationIsVisible = 0;
			defaultConfigurationName = Release;
		};
/* End XCConfigurationList section */
	};
	rootObject = A3D9D3BD216CE143004451BC /* Project object */;
}
